
Microsoft Visual Studio Solution File, Format Version 12.00
# Visual Studio Version 17
VisualStudioVersion = 17.2.32630.192
MinimumVisualStudioVersion = 10.0.40219.1
Project("{2150E333-8FDC-42A3-9474-1A3956D46DE8}") = "_references", "_references", "{98E74278-96DF-4CF5-A247-9647EE5A9909}"
EndProject
Project("{2150E333-8FDC-42A3-9474-1A3956D46DE8}") = "Solution Items", "Solution Items", "{97D97ECA-B93B-4C51-B0C3-F6D435523736}"
EndProject
Project("{FAE04EC0-301F-11D3-BF4B-00C04F79EFBC}") = "MaxFactry.Module.Cms-NF-4.5.2", "MaxFactry.Module.Cms-NF-4.5.2\MaxFactry.Module.Cms-NF-4.5.2.csproj", "{42E9CFE1-FEC1-421A-94E7-A7F595351A01}"
EndProject
Project("{FAE04EC0-301F-11D3-BF4B-00C04F79EFBC}") = "MaxFactry.Module.Cms.Mvc4-NF-4.5.2", "MaxFactry.Module.Cms.Mvc4-NF-4.5.2\MaxFactry.Module.Cms.Mvc4-NF-4.5.2.csproj", "{A4E49E4D-DBF9-4091-8812-628467EE622E}"
EndProject
Global
	GlobalSection(SolutionConfigurationPlatforms) = preSolution
		Debug|Any CPU = Debug|Any CPU
		Release|Any CPU = Release|Any CPU
	EndGlobalSection
	GlobalSection(ProjectConfigurationPlatforms) = postSolution
		{42E9CFE1-FEC1-421A-94E7-A7F595351A01}.Debug|Any CPU.ActiveCfg = Debug|Any CPU
		{42E9CFE1-FEC1-421A-94E7-A7F595351A01}.Debug|Any CPU.Build.0 = Debug|Any CPU
		{42E9CFE1-FEC1-421A-94E7-A7F595351A01}.Release|Any CPU.ActiveCfg = Release|Any CPU
		{42E9CFE1-FEC1-421A-94E7-A7F595351A01}.Release|Any CPU.Build.0 = Release|Any CPU
		{A4E49E4D-DBF9-4091-8812-628467EE622E}.Debug|Any CPU.ActiveCfg = Debug|Any CPU
		{A4E49E4D-DBF9-4091-8812-628467EE622E}.Debug|Any CPU.Build.0 = Debug|Any CPU
		{A4E49E4D-DBF9-4091-8812-628467EE622E}.Release|Any CPU.ActiveCfg = Release|Any CPU
		{A4E49E4D-DBF9-4091-8812-628467EE622E}.Release|Any CPU.Build.0 = Release|Any CPU
	EndGlobalSection
	GlobalSection(SolutionProperties) = preSolution
		HideSolutionNode = FALSE
	EndGlobalSection
	GlobalSection(ExtensibilityGlobals) = postSolution
		SolutionGuid = {63CC04A7-F198-4FD2-9ECC-FE1E97DC989E}
	EndGlobalSection
EndGlobal
